// !$*UTF8*$!
{
	archiveVersion = 1;
	classes = {
	};
	objectVersion = 55;
	objects = {

/* Begin PBXBuildFile section */
		4A89973B2835585400446CE9 /* AppDelegate.swift in Sources */ = {isa = PBXBuildFile; fileRef = 4A89973A2835585400446CE9 /* AppDelegate.swift */; };
		4A89973D2835585400446CE9 /* SceneDelegate.swift in Sources */ = {isa = PBXBuildFile; fileRef = 4A89973C2835585400446CE9 /* SceneDelegate.swift */; };
		4A8997442835585700446CE9 /* Assets.xcassets in Resources */ = {isa = PBXBuildFile; fileRef = 4A8997432835585700446CE9 /* Assets.xcassets */; };
		4A8997472835585700446CE9 /* LaunchScreen.storyboard in Resources */ = {isa = PBXBuildFile; fileRef = 4A8997452835585700446CE9 /* LaunchScreen.storyboard */; };
		4A89974F28355E8F00446CE9 /* LeagueResponse.swift in Sources */ = {isa = PBXBuildFile; fileRef = 4A89974E28355E8F00446CE9 /* LeagueResponse.swift */; };
		4A8997542835630500446CE9 /* Route.swift in Sources */ = {isa = PBXBuildFile; fileRef = 4A8997532835630500446CE9 /* Route.swift */; };
		4A8997582835644300446CE9 /* HTTPClient.swift in Sources */ = {isa = PBXBuildFile; fileRef = 4A8997572835644300446CE9 /* HTTPClient.swift */; };
		4A89975C28356CA700446CE9 /* LeagueRoute.swift in Sources */ = {isa = PBXBuildFile; fileRef = 4A89975B28356CA700446CE9 /* LeagueRoute.swift */; };
		4A89975E28356D0E00446CE9 /* LeagueService.swift in Sources */ = {isa = PBXBuildFile; fileRef = 4A89975D28356D0E00446CE9 /* LeagueService.swift */; };
		4A89976028356EAD00446CE9 /* RequestBuilder.swift in Sources */ = {isa = PBXBuildFile; fileRef = 4A89975F28356EAD00446CE9 /* RequestBuilder.swift */; };
		4A899762283570B500446CE9 /* RootCoordinator.swift in Sources */ = {isa = PBXBuildFile; fileRef = 4A899761283570B500446CE9 /* RootCoordinator.swift */; };
		4A8997642835728500446CE9 /* LeagueViewController.swift in Sources */ = {isa = PBXBuildFile; fileRef = 4A8997632835728500446CE9 /* LeagueViewController.swift */; };
		4A89976828357BDF00446CE9 /* LeaguePresenter.swift in Sources */ = {isa = PBXBuildFile; fileRef = 4A89976728357BDF00446CE9 /* LeaguePresenter.swift */; };
		4A89976A28357C7100446CE9 /* LeagueAssembly.swift in Sources */ = {isa = PBXBuildFile; fileRef = 4A89976928357C7100446CE9 /* LeagueAssembly.swift */; };
		4A89976C28357D8700446CE9 /* ModuleAssembly.swift in Sources */ = {isa = PBXBuildFile; fileRef = 4A89976B28357D8700446CE9 /* ModuleAssembly.swift */; };
		4A89976E28357DEB00446CE9 /* ModuleName.swift in Sources */ = {isa = PBXBuildFile; fileRef = 4A89976D28357DEB00446CE9 /* ModuleName.swift */; };
		4A8997732835927D00446CE9 /* UIImageView +ext.swift in Sources */ = {isa = PBXBuildFile; fileRef = 4A8997722835927D00446CE9 /* UIImageView +ext.swift */; };
		4A899776283599B600446CE9 /* LeagueViewModel.swift in Sources */ = {isa = PBXBuildFile; fileRef = 4A899775283599B600446CE9 /* LeagueViewModel.swift */; };
		4A89977B283629FE00446CE9 /* LeagueTableViewCell.swift in Sources */ = {isa = PBXBuildFile; fileRef = 4A89977A283629FE00446CE9 /* LeagueTableViewCell.swift */; };
		4A89977E2836637900446CE9 /* SeasonResponse.swift in Sources */ = {isa = PBXBuildFile; fileRef = 4A89977D2836637900446CE9 /* SeasonResponse.swift */; };
		4A899782283665D900446CE9 /* SeasonRoute.swift in Sources */ = {isa = PBXBuildFile; fileRef = 4A899781283665D900446CE9 /* SeasonRoute.swift */; };
		4A899784283666AF00446CE9 /* SeasonService.swift in Sources */ = {isa = PBXBuildFile; fileRef = 4A899783283666AF00446CE9 /* SeasonService.swift */; };
		4A8997882836678900446CE9 /* SeasonViewController.swift in Sources */ = {isa = PBXBuildFile; fileRef = 4A8997872836678900446CE9 /* SeasonViewController.swift */; };
		4A89978A28366A6E00446CE9 /* SeasonAssembly.swift in Sources */ = {isa = PBXBuildFile; fileRef = 4A89978928366A6E00446CE9 /* SeasonAssembly.swift */; };
		4A89978C28366AA000446CE9 /* SeasonPresenter.swift in Sources */ = {isa = PBXBuildFile; fileRef = 4A89978B28366AA000446CE9 /* SeasonPresenter.swift */; };
		4A89978E283671C600446CE9 /* SeasonModuleInput.swift in Sources */ = {isa = PBXBuildFile; fileRef = 4A89978D283671C600446CE9 /* SeasonModuleInput.swift */; };
		4A899792283674CD00446CE9 /* SeasonViewModel.swift in Sources */ = {isa = PBXBuildFile; fileRef = 4A899791283674CD00446CE9 /* SeasonViewModel.swift */; };
		4A8997942836761A00446CE9 /* SeasonHeaderViewModel.swift in Sources */ = {isa = PBXBuildFile; fileRef = 4A8997932836761A00446CE9 /* SeasonHeaderViewModel.swift */; };
		4A899797283676F300446CE9 /* SeasonHeaderView.swift in Sources */ = {isa = PBXBuildFile; fileRef = 4A899796283676F300446CE9 /* SeasonHeaderView.swift */; };
		4A89979A2836793E00446CE9 /* SeasonTableViewCell.swift in Sources */ = {isa = PBXBuildFile; fileRef = 4A8997992836793E00446CE9 /* SeasonTableViewCell.swift */; };
/* End PBXBuildFile section */

/* Begin PBXFileReference section */
		4A8997372835585400446CE9 /* Football.app */ = {isa = PBXFileReference; explicitFileType = wrapper.application; includeInIndex = 0; path = Football.app; sourceTree = BUILT_PRODUCTS_DIR; };
		4A89973A2835585400446CE9 /* AppDelegate.swift */ = {isa = PBXFileReference; lastKnownFileType = sourcecode.swift; path = AppDelegate.swift; sourceTree = "<group>"; };
		4A89973C2835585400446CE9 /* SceneDelegate.swift */ = {isa = PBXFileReference; lastKnownFileType = sourcecode.swift; path = SceneDelegate.swift; sourceTree = "<group>"; };
		4A8997432835585700446CE9 /* Assets.xcassets */ = {isa = PBXFileReference; lastKnownFileType = folder.assetcatalog; path = Assets.xcassets; sourceTree = "<group>"; };
		4A8997462835585700446CE9 /* Base */ = {isa = PBXFileReference; lastKnownFileType = file.storyboard; name = Base; path = Base.lproj/LaunchScreen.storyboard; sourceTree = "<group>"; };
		4A8997482835585700446CE9 /* Info.plist */ = {isa = PBXFileReference; lastKnownFileType = text.plist.xml; path = Info.plist; sourceTree = "<group>"; };
		4A89974E28355E8F00446CE9 /* LeagueResponse.swift */ = {isa = PBXFileReference; lastKnownFileType = sourcecode.swift; path = LeagueResponse.swift; sourceTree = "<group>"; };
		4A8997532835630500446CE9 /* Route.swift */ = {isa = PBXFileReference; lastKnownFileType = sourcecode.swift; path = Route.swift; sourceTree = "<group>"; };
		4A8997572835644300446CE9 /* HTTPClient.swift */ = {isa = PBXFileReference; lastKnownFileType = sourcecode.swift; path = HTTPClient.swift; sourceTree = "<group>"; };
		4A89975B28356CA700446CE9 /* LeagueRoute.swift */ = {isa = PBXFileReference; lastKnownFileType = sourcecode.swift; path = LeagueRoute.swift; sourceTree = "<group>"; };
		4A89975D28356D0E00446CE9 /* LeagueService.swift */ = {isa = PBXFileReference; lastKnownFileType = sourcecode.swift; path = LeagueService.swift; sourceTree = "<group>"; };
		4A89975F28356EAD00446CE9 /* RequestBuilder.swift */ = {isa = PBXFileReference; lastKnownFileType = sourcecode.swift; path = RequestBuilder.swift; sourceTree = "<group>"; };
		4A899761283570B500446CE9 /* RootCoordinator.swift */ = {isa = PBXFileReference; lastKnownFileType = sourcecode.swift; path = RootCoordinator.swift; sourceTree = "<group>"; };
		4A8997632835728500446CE9 /* LeagueViewController.swift */ = {isa = PBXFileReference; lastKnownFileType = sourcecode.swift; path = LeagueViewController.swift; sourceTree = "<group>"; };
		4A89976728357BDF00446CE9 /* LeaguePresenter.swift */ = {isa = PBXFileReference; lastKnownFileType = sourcecode.swift; path = LeaguePresenter.swift; sourceTree = "<group>"; };
		4A89976928357C7100446CE9 /* LeagueAssembly.swift */ = {isa = PBXFileReference; lastKnownFileType = sourcecode.swift; path = LeagueAssembly.swift; sourceTree = "<group>"; };
		4A89976B28357D8700446CE9 /* ModuleAssembly.swift */ = {isa = PBXFileReference; lastKnownFileType = sourcecode.swift; path = ModuleAssembly.swift; sourceTree = "<group>"; };
		4A89976D28357DEB00446CE9 /* ModuleName.swift */ = {isa = PBXFileReference; lastKnownFileType = sourcecode.swift; path = ModuleName.swift; sourceTree = "<group>"; };
		4A8997722835927D00446CE9 /* UIImageView +ext.swift */ = {isa = PBXFileReference; lastKnownFileType = sourcecode.swift; path = "UIImageView +ext.swift"; sourceTree = "<group>"; };
		4A899775283599B600446CE9 /* LeagueViewModel.swift */ = {isa = PBXFileReference; lastKnownFileType = sourcecode.swift; path = LeagueViewModel.swift; sourceTree = "<group>"; };
		4A89977A283629FE00446CE9 /* LeagueTableViewCell.swift */ = {isa = PBXFileReference; lastKnownFileType = sourcecode.swift; path = LeagueTableViewCell.swift; sourceTree = "<group>"; };
		4A89977D2836637900446CE9 /* SeasonResponse.swift */ = {isa = PBXFileReference; lastKnownFileType = sourcecode.swift; path = SeasonResponse.swift; sourceTree = "<group>"; };
		4A899781283665D900446CE9 /* SeasonRoute.swift */ = {isa = PBXFileReference; lastKnownFileType = sourcecode.swift; path = SeasonRoute.swift; sourceTree = "<group>"; };
		4A899783283666AF00446CE9 /* SeasonService.swift */ = {isa = PBXFileReference; lastKnownFileType = sourcecode.swift; path = SeasonService.swift; sourceTree = "<group>"; };
		4A8997872836678900446CE9 /* SeasonViewController.swift */ = {isa = PBXFileReference; lastKnownFileType = sourcecode.swift; path = SeasonViewController.swift; sourceTree = "<group>"; };
		4A89978928366A6E00446CE9 /* SeasonAssembly.swift */ = {isa = PBXFileReference; lastKnownFileType = sourcecode.swift; path = SeasonAssembly.swift; sourceTree = "<group>"; };
		4A89978B28366AA000446CE9 /* SeasonPresenter.swift */ = {isa = PBXFileReference; lastKnownFileType = sourcecode.swift; path = SeasonPresenter.swift; sourceTree = "<group>"; };
		4A89978D283671C600446CE9 /* SeasonModuleInput.swift */ = {isa = PBXFileReference; lastKnownFileType = sourcecode.swift; path = SeasonModuleInput.swift; sourceTree = "<group>"; };
		4A899791283674CD00446CE9 /* SeasonViewModel.swift */ = {isa = PBXFileReference; lastKnownFileType = sourcecode.swift; path = SeasonViewModel.swift; sourceTree = "<group>"; };
		4A8997932836761A00446CE9 /* SeasonHeaderViewModel.swift */ = {isa = PBXFileReference; lastKnownFileType = sourcecode.swift; path = SeasonHeaderViewModel.swift; sourceTree = "<group>"; };
		4A899796283676F300446CE9 /* SeasonHeaderView.swift */ = {isa = PBXFileReference; lastKnownFileType = sourcecode.swift; path = SeasonHeaderView.swift; sourceTree = "<group>"; };
		4A8997992836793E00446CE9 /* SeasonTableViewCell.swift */ = {isa = PBXFileReference; lastKnownFileType = sourcecode.swift; path = SeasonTableViewCell.swift; sourceTree = "<group>"; };
/* End PBXFileReference section */

/* Begin PBXFrameworksBuildPhase section */
		4A8997342835585400446CE9 /* Frameworks */ = {
			isa = PBXFrameworksBuildPhase;
			buildActionMask = 2147483647;
			files = (
			);
			runOnlyForDeploymentPostprocessing = 0;
		};
/* End PBXFrameworksBuildPhase section */

/* Begin PBXGroup section */
		4A89972E2835585400446CE9 = {
			isa = PBXGroup;
			children = (
				4A8997392835585400446CE9 /* Football */,
				4A8997382835585400446CE9 /* Products */,
			);
			sourceTree = "<group>";
		};
		4A8997382835585400446CE9 /* Products */ = {
			isa = PBXGroup;
			children = (
				4A8997372835585400446CE9 /* Football.app */,
			);
			name = Products;
			sourceTree = "<group>";
		};
		4A8997392835585400446CE9 /* Football */ = {
			isa = PBXGroup;
			children = (
				4A89973A2835585400446CE9 /* AppDelegate.swift */,
				4A89973C2835585400446CE9 /* SceneDelegate.swift */,
				4A8997562835632200446CE9 /* Core */,
				4A89975228355F0C00446CE9 /* Flows */,
				4A8997432835585700446CE9 /* Assets.xcassets */,
				4A8997452835585700446CE9 /* LaunchScreen.storyboard */,
				4A8997482835585700446CE9 /* Info.plist */,
			);
			path = Football;
			sourceTree = "<group>";
		};
		4A89975028355EE900446CE9 /* NetworkService */ = {
			isa = PBXGroup;
			children = (
				4A89974E28355E8F00446CE9 /* LeagueResponse.swift */,
				4A89975B28356CA700446CE9 /* LeagueRoute.swift */,
				4A89975D28356D0E00446CE9 /* LeagueService.swift */,
			);
			path = NetworkService;
			sourceTree = "<group>";
		};
		4A89975128355F0100446CE9 /* League */ = {
			isa = PBXGroup;
			children = (
				4A89975028355EE900446CE9 /* NetworkService */,
				4A89978F2836741F00446CE9 /* NavigationService */,
				4A89977728359E2200446CE9 /* ViewModel */,
				4A89977C2836305A00446CE9 /* View */,
				4A8997632835728500446CE9 /* LeagueViewController.swift */,
				4A89976728357BDF00446CE9 /* LeaguePresenter.swift */,
			);
			path = League;
			sourceTree = "<group>";
		};
		4A89975228355F0C00446CE9 /* Flows */ = {
			isa = PBXGroup;
			children = (
				4A89975128355F0100446CE9 /* League */,
				4A8997802836638D00446CE9 /* Season */,
			);
			path = Flows;
			sourceTree = "<group>";
		};
		4A8997552835631200446CE9 /* NetworkService */ = {
			isa = PBXGroup;
			children = (
				4A8997532835630500446CE9 /* Route.swift */,
				4A8997572835644300446CE9 /* HTTPClient.swift */,
				4A89975F28356EAD00446CE9 /* RequestBuilder.swift */,
			);
			path = NetworkService;
			sourceTree = "<group>";
		};
		4A8997562835632200446CE9 /* Core */ = {
			isa = PBXGroup;
			children = (
				4A8997552835631200446CE9 /* NetworkService */,
				4A89976F28357F8500446CE9 /* NavigationService */,
				4A8997742835947300446CE9 /* Extensions */,
			);
			path = Core;
			sourceTree = "<group>";
		};
		4A89976F28357F8500446CE9 /* NavigationService */ = {
			isa = PBXGroup;
			children = (
				4A899761283570B500446CE9 /* RootCoordinator.swift */,
				4A89976B28357D8700446CE9 /* ModuleAssembly.swift */,
				4A89976D28357DEB00446CE9 /* ModuleName.swift */,
			);
			path = NavigationService;
			sourceTree = "<group>";
		};
		4A8997742835947300446CE9 /* Extensions */ = {
			isa = PBXGroup;
			children = (
				4A8997722835927D00446CE9 /* UIImageView +ext.swift */,
			);
			path = Extensions;
			sourceTree = "<group>";
		};
		4A89977728359E2200446CE9 /* ViewModel */ = {
			isa = PBXGroup;
			children = (
				4A899775283599B600446CE9 /* LeagueViewModel.swift */,
			);
			path = ViewModel;
			sourceTree = "<group>";
		};
		4A89977C2836305A00446CE9 /* View */ = {
			isa = PBXGroup;
			children = (
				4A89977A283629FE00446CE9 /* LeagueTableViewCell.swift */,
			);
			path = View;
			sourceTree = "<group>";
		};
		4A89977F2836638000446CE9 /* NetworkService */ = {
			isa = PBXGroup;
			children = (
				4A89977D2836637900446CE9 /* SeasonResponse.swift */,
				4A899781283665D900446CE9 /* SeasonRoute.swift */,
				4A899783283666AF00446CE9 /* SeasonService.swift */,
			);
			path = NetworkService;
			sourceTree = "<group>";
		};
		4A8997802836638D00446CE9 /* Season */ = {
			isa = PBXGroup;
			children = (
				4A89977F2836638000446CE9 /* NetworkService */,
				4A8997902836743200446CE9 /* NavigationService */,
				4A899795283676C900446CE9 /* ViewModel */,
				4A8997982836791700446CE9 /* View */,
				4A8997872836678900446CE9 /* SeasonViewController.swift */,
				4A89978B28366AA000446CE9 /* SeasonPresenter.swift */,
			);
			path = Season;
			sourceTree = "<group>";
		};
		4A89978F2836741F00446CE9 /* NavigationService */ = {
			isa = PBXGroup;
			children = (
				4A89976928357C7100446CE9 /* LeagueAssembly.swift */,
			);
			path = NavigationService;
			sourceTree = "<group>";
		};
		4A8997902836743200446CE9 /* NavigationService */ = {
			isa = PBXGroup;
			children = (
				4A89978928366A6E00446CE9 /* SeasonAssembly.swift */,
				4A89978D283671C600446CE9 /* SeasonModuleInput.swift */,
			);
			path = NavigationService;
			sourceTree = "<group>";
		};
		4A899795283676C900446CE9 /* ViewModel */ = {
			isa = PBXGroup;
			children = (
				4A899791283674CD00446CE9 /* SeasonViewModel.swift */,
				4A8997932836761A00446CE9 /* SeasonHeaderViewModel.swift */,
			);
			path = ViewModel;
			sourceTree = "<group>";
		};
		4A8997982836791700446CE9 /* View */ = {
			isa = PBXGroup;
			children = (
				4A899796283676F300446CE9 /* SeasonHeaderView.swift */,
				4A8997992836793E00446CE9 /* SeasonTableViewCell.swift */,
			);
			path = View;
			sourceTree = "<group>";
		};
/* End PBXGroup section */

/* Begin PBXNativeTarget section */
		4A8997362835585400446CE9 /* Football */ = {
			isa = PBXNativeTarget;
			buildConfigurationList = 4A89974B2835585700446CE9 /* Build configuration list for PBXNativeTarget "Football" */;
			buildPhases = (
				4A8997332835585400446CE9 /* Sources */,
				4A8997342835585400446CE9 /* Frameworks */,
				4A8997352835585400446CE9 /* Resources */,
			);
			buildRules = (
			);
			dependencies = (
			);
			name = Football;
			productName = Football;
			productReference = 4A8997372835585400446CE9 /* Football.app */;
			productType = "com.apple.product-type.application";
		};
/* End PBXNativeTarget section */

/* Begin PBXProject section */
		4A89972F2835585400446CE9 /* Project object */ = {
			isa = PBXProject;
			attributes = {
				BuildIndependentTargetsInParallel = 1;
				LastSwiftUpdateCheck = 1330;
				LastUpgradeCheck = 1330;
				TargetAttributes = {
					4A8997362835585400446CE9 = {
						CreatedOnToolsVersion = 13.3.1;
					};
				};
			};
			buildConfigurationList = 4A8997322835585400446CE9 /* Build configuration list for PBXProject "Football" */;
			compatibilityVersion = "Xcode 13.0";
			developmentRegion = en;
			hasScannedForEncodings = 0;
			knownRegions = (
				en,
				Base,
			);
			mainGroup = 4A89972E2835585400446CE9;
			productRefGroup = 4A8997382835585400446CE9 /* Products */;
			projectDirPath = "";
			projectRoot = "";
			targets = (
				4A8997362835585400446CE9 /* Football */,
			);
		};
/* End PBXProject section */

/* Begin PBXResourcesBuildPhase section */
		4A8997352835585400446CE9 /* Resources */ = {
			isa = PBXResourcesBuildPhase;
			buildActionMask = 2147483647;
			files = (
				4A8997472835585700446CE9 /* LaunchScreen.storyboard in Resources */,
				4A8997442835585700446CE9 /* Assets.xcassets in Resources */,
			);
			runOnlyForDeploymentPostprocessing = 0;
		};
/* End PBXResourcesBuildPhase section */

/* Begin PBXSourcesBuildPhase section */
		4A8997332835585400446CE9 /* Sources */ = {
			isa = PBXSourcesBuildPhase;
			buildActionMask = 2147483647;
			files = (
				4A89977B283629FE00446CE9 /* LeagueTableViewCell.swift in Sources */,
				4A89977E2836637900446CE9 /* SeasonResponse.swift in Sources */,
				4A89975C28356CA700446CE9 /* LeagueRoute.swift in Sources */,
				4A89974F28355E8F00446CE9 /* LeagueResponse.swift in Sources */,
				4A89979A2836793E00446CE9 /* SeasonTableViewCell.swift in Sources */,
				4A8997582835644300446CE9 /* HTTPClient.swift in Sources */,
				4A8997642835728500446CE9 /* LeagueViewController.swift in Sources */,
				4A8997542835630500446CE9 /* Route.swift in Sources */,
				4A89978C28366AA000446CE9 /* SeasonPresenter.swift in Sources */,
				4A8997942836761A00446CE9 /* SeasonHeaderViewModel.swift in Sources */,
				4A89975E28356D0E00446CE9 /* LeagueService.swift in Sources */,
				4A89978E283671C600446CE9 /* SeasonModuleInput.swift in Sources */,
				4A899784283666AF00446CE9 /* SeasonService.swift in Sources */,
				4A89973B2835585400446CE9 /* AppDelegate.swift in Sources */,
				4A899782283665D900446CE9 /* SeasonRoute.swift in Sources */,
				4A89976828357BDF00446CE9 /* LeaguePresenter.swift in Sources */,
				4A8997732835927D00446CE9 /* UIImageView +ext.swift in Sources */,
				4A89973D2835585400446CE9 /* SceneDelegate.swift in Sources */,
				4A899792283674CD00446CE9 /* SeasonViewModel.swift in Sources */,
				4A89978A28366A6E00446CE9 /* SeasonAssembly.swift in Sources */,
				4A899762283570B500446CE9 /* RootCoordinator.swift in Sources */,
				4A89976A28357C7100446CE9 /* LeagueAssembly.swift in Sources */,
				4A899797283676F300446CE9 /* SeasonHeaderView.swift in Sources */,
				4A89976028356EAD00446CE9 /* RequestBuilder.swift in Sources */,
				4A8997882836678900446CE9 /* SeasonViewController.swift in Sources */,
				4A89976E28357DEB00446CE9 /* ModuleName.swift in Sources */,
				4A89976C28357D8700446CE9 /* ModuleAssembly.swift in Sources */,
				4A899776283599B600446CE9 /* LeagueViewModel.swift in Sources */,
			);
			runOnlyForDeploymentPostprocessing = 0;
		};
/* End PBXSourcesBuildPhase section */

/* Begin PBXVariantGroup section */
		4A8997452835585700446CE9 /* LaunchScreen.storyboard */ = {
			isa = PBXVariantGroup;
			children = (
				4A8997462835585700446CE9 /* Base */,
			);
			name = LaunchScreen.storyboard;
			sourceTree = "<group>";
		};
/* End PBXVariantGroup section */

/* Begin XCBuildConfiguration section */
		4A8997492835585700446CE9 /* Debug */ = {
			isa = XCBuildConfiguration;
			buildSettings = {
				ALWAYS_SEARCH_USER_PATHS = NO;
				CLANG_ANALYZER_NONNULL = YES;
				CLANG_ANALYZER_NUMBER_OBJECT_CONVERSION = YES_AGGRESSIVE;
				CLANG_CXX_LANGUAGE_STANDARD = "gnu++17";
				CLANG_ENABLE_MODULES = YES;
				CLANG_ENABLE_OBJC_ARC = YES;
				CLANG_ENABLE_OBJC_WEAK = YES;
				CLANG_WARN_BLOCK_CAPTURE_AUTORELEASING = YES;
				CLANG_WARN_BOOL_CONVERSION = YES;
				CLANG_WARN_COMMA = YES;
				CLANG_WARN_CONSTANT_CONVERSION = YES;
				CLANG_WARN_DEPRECATED_OBJC_IMPLEMENTATIONS = YES;
				CLANG_WARN_DIRECT_OBJC_ISA_USAGE = YES_ERROR;
				CLANG_WARN_DOCUMENTATION_COMMENTS = YES;
				CLANG_WARN_EMPTY_BODY = YES;
				CLANG_WARN_ENUM_CONVERSION = YES;
				CLANG_WARN_INFINITE_RECURSION = YES;
				CLANG_WARN_INT_CONVERSION = YES;
				CLANG_WARN_NON_LITERAL_NULL_CONVERSION = YES;
				CLANG_WARN_OBJC_IMPLICIT_RETAIN_SELF = YES;
				CLANG_WARN_OBJC_LITERAL_CONVERSION = YES;
				CLANG_WARN_OBJC_ROOT_CLASS = YES_ERROR;
				CLANG_WARN_QUOTED_INCLUDE_IN_FRAMEWORK_HEADER = YES;
				CLANG_WARN_RANGE_LOOP_ANALYSIS = YES;
				CLANG_WARN_STRICT_PROTOTYPES = YES;
				CLANG_WARN_SUSPICIOUS_MOVE = YES;
				CLANG_WARN_UNGUARDED_AVAILABILITY = YES_AGGRESSIVE;
				CLANG_WARN_UNREACHABLE_CODE = YES;
				CLANG_WARN__DUPLICATE_METHOD_MATCH = YES;
				COPY_PHASE_STRIP = NO;
				DEBUG_INFORMATION_FORMAT = dwarf;
				ENABLE_STRICT_OBJC_MSGSEND = YES;
				ENABLE_TESTABILITY = YES;
				GCC_C_LANGUAGE_STANDARD = gnu11;
				GCC_DYNAMIC_NO_PIC = NO;
				GCC_NO_COMMON_BLOCKS = YES;
				GCC_OPTIMIZATION_LEVEL = 0;
				GCC_PREPROCESSOR_DEFINITIONS = (
					"DEBUG=1",
					"$(inherited)",
				);
				GCC_WARN_64_TO_32_BIT_CONVERSION = YES;
				GCC_WARN_ABOUT_RETURN_TYPE = YES_ERROR;
				GCC_WARN_UNDECLARED_SELECTOR = YES;
				GCC_WARN_UNINITIALIZED_AUTOS = YES_AGGRESSIVE;
				GCC_WARN_UNUSED_FUNCTION = YES;
				GCC_WARN_UNUSED_VARIABLE = YES;
				IPHONEOS_DEPLOYMENT_TARGET = 15.4;
				MTL_ENABLE_DEBUG_INFO = INCLUDE_SOURCE;
				MTL_FAST_MATH = YES;
				ONLY_ACTIVE_ARCH = YES;
				SDKROOT = iphoneos;
				SWIFT_ACTIVE_COMPILATION_CONDITIONS = DEBUG;
				SWIFT_OPTIMIZATION_LEVEL = "-Onone";
			};
			name = Debug;
		};
		4A89974A2835585700446CE9 /* Release */ = {
			isa = XCBuildConfiguration;
			buildSettings = {
				ALWAYS_SEARCH_USER_PATHS = NO;
				CLANG_ANALYZER_NONNULL = YES;
				CLANG_ANALYZER_NUMBER_OBJECT_CONVERSION = YES_AGGRESSIVE;
				CLANG_CXX_LANGUAGE_STANDARD = "gnu++17";
				CLANG_ENABLE_MODULES = YES;
				CLANG_ENABLE_OBJC_ARC = YES;
				CLANG_ENABLE_OBJC_WEAK = YES;
				CLANG_WARN_BLOCK_CAPTURE_AUTORELEASING = YES;
				CLANG_WARN_BOOL_CONVERSION = YES;
				CLANG_WARN_COMMA = YES;
				CLANG_WARN_CONSTANT_CONVERSION = YES;
				CLANG_WARN_DEPRECATED_OBJC_IMPLEMENTATIONS = YES;
				CLANG_WARN_DIRECT_OBJC_ISA_USAGE = YES_ERROR;
				CLANG_WARN_DOCUMENTATION_COMMENTS = YES;
				CLANG_WARN_EMPTY_BODY = YES;
				CLANG_WARN_ENUM_CONVERSION = YES;
				CLANG_WARN_INFINITE_RECURSION = YES;
				CLANG_WARN_INT_CONVERSION = YES;
				CLANG_WARN_NON_LITERAL_NULL_CONVERSION = YES;
				CLANG_WARN_OBJC_IMPLICIT_RETAIN_SELF = YES;
				CLANG_WARN_OBJC_LITERAL_CONVERSION = YES;
				CLANG_WARN_OBJC_ROOT_CLASS = YES_ERROR;
				CLANG_WARN_QUOTED_INCLUDE_IN_FRAMEWORK_HEADER = YES;
				CLANG_WARN_RANGE_LOOP_ANALYSIS = YES;
				CLANG_WARN_STRICT_PROTOTYPES = YES;
				CLANG_WARN_SUSPICIOUS_MOVE = YES;
				CLANG_WARN_UNGUARDED_AVAILABILITY = YES_AGGRESSIVE;
				CLANG_WARN_UNREACHABLE_CODE = YES;
				CLANG_WARN__DUPLICATE_METHOD_MATCH = YES;
				COPY_PHASE_STRIP = NO;
				DEBUG_INFORMATION_FORMAT = "dwarf-with-dsym";
				ENABLE_NS_ASSERTIONS = NO;
				ENABLE_STRICT_OBJC_MSGSEND = YES;
				GCC_C_LANGUAGE_STANDARD = gnu11;
				GCC_NO_COMMON_BLOCKS = YES;
				GCC_WARN_64_TO_32_BIT_CONVERSION = YES;
				GCC_WARN_ABOUT_RETURN_TYPE = YES_ERROR;
				GCC_WARN_UNDECLARED_SELECTOR = YES;
				GCC_WARN_UNINITIALIZED_AUTOS = YES_AGGRESSIVE;
				GCC_WARN_UNUSED_FUNCTION = YES;
				GCC_WARN_UNUSED_VARIABLE = YES;
				IPHONEOS_DEPLOYMENT_TARGET = 15.4;
				MTL_ENABLE_DEBUG_INFO = NO;
				MTL_FAST_MATH = YES;
				SDKROOT = iphoneos;
				SWIFT_COMPILATION_MODE = wholemodule;
				SWIFT_OPTIMIZATION_LEVEL = "-O";
				VALIDATE_PRODUCT = YES;
			};
			name = Release;
		};
		4A89974C2835585700446CE9 /* Debug */ = {
			isa = XCBuildConfiguration;
			buildSettings = {
				ASSETCATALOG_COMPILER_APPICON_NAME = AppIcon;
				ASSETCATALOG_COMPILER_GLOBAL_ACCENT_COLOR_NAME = AccentColor;
				CODE_SIGN_STYLE = Automatic;
				CURRENT_PROJECT_VERSION = 1;
				DEVELOPMENT_TEAM = 77NB29ZK26;
				GENERATE_INFOPLIST_FILE = YES;
				INFOPLIST_FILE = Football/Info.plist;
				INFOPLIST_KEY_UIApplicationSupportsIndirectInputEvents = YES;
				INFOPLIST_KEY_UILaunchStoryboardName = LaunchScreen;
				INFOPLIST_KEY_UISupportedInterfaceOrientations_iPad = "UIInterfaceOrientationPortrait UIInterfaceOrientationPortraitUpsideDown UIInterfaceOrientationLandscapeLeft UIInterfaceOrientationLandscapeRight";
				INFOPLIST_KEY_UISupportedInterfaceOrientations_iPhone = "UIInterfaceOrientationPortrait UIInterfaceOrientationLandscapeLeft UIInterfaceOrientationLandscapeRight";
				LD_RUNPATH_SEARCH_PATHS = (
					"$(inherited)",
					"@executable_path/Frameworks",
				);
				MARKETING_VERSION = 1.0;
				PRODUCT_BUNDLE_IDENTIFIER = com.smith.Football;
				PRODUCT_NAME = "$(TARGET_NAME)";
				SWIFT_EMIT_LOC_STRINGS = YES;
				SWIFT_VERSION = 5.0;
				TARGETED_DEVICE_FAMILY = "1,2";
			};
			name = Debug;
		};
		4A89974D2835585700446CE9 /* Release */ = {
			isa = XCBuildConfiguration;
			buildSettings = {
				ASSETCATALOG_COMPILER_APPICON_NAME = AppIcon;
				ASSETCATALOG_COMPILER_GLOBAL_ACCENT_COLOR_NAME = AccentColor;
				CODE_SIGN_STYLE = Automatic;
				CURRENT_PROJECT_VERSION = 1;
				DEVELOPMENT_TEAM = 77NB29ZK26;
				GENERATE_INFOPLIST_FILE = YES;
				INFOPLIST_FILE = Football/Info.plist;
				INFOPLIST_KEY_UIApplicationSupportsIndirectInputEvents = YES;
				INFOPLIST_KEY_UILaunchStoryboardName = LaunchScreen;
				INFOPLIST_KEY_UISupportedInterfaceOrientations_iPad = "UIInterfaceOrientationPortrait UIInterfaceOrientationPortraitUpsideDown UIInterfaceOrientationLandscapeLeft UIInterfaceOrientationLandscapeRight";
				INFOPLIST_KEY_UISupportedInterfaceOrientations_iPhone = "UIInterfaceOrientationPortrait UIInterfaceOrientationLandscapeLeft UIInterfaceOrientationLandscapeRight";
				LD_RUNPATH_SEARCH_PATHS = (
					"$(inherited)",
					"@executable_path/Frameworks",
				);
				MARKETING_VERSION = 1.0;
				PRODUCT_BUNDLE_IDENTIFIER = com.smith.Football;
				PRODUCT_NAME = "$(TARGET_NAME)";
				SWIFT_EMIT_LOC_STRINGS = YES;
				SWIFT_VERSION = 5.0;
				TARGETED_DEVICE_FAMILY = "1,2";
			};
			name = Release;
		};
/* End XCBuildConfiguration section */

/* Begin XCConfigurationList section */
		4A8997322835585400446CE9 /* Build configuration list for PBXProject "Football" */ = {
			isa = XCConfigurationList;
			buildConfigurations = (
				4A8997492835585700446CE9 /* Debug */,
				4A89974A2835585700446CE9 /* Release */,
			);
			defaultConfigurationIsVisible = 0;
			defaultConfigurationName = Release;
		};
		4A89974B2835585700446CE9 /* Build configuration list for PBXNativeTarget "Football" */ = {
			isa = XCConfigurationList;
			buildConfigurations = (
				4A89974C2835585700446CE9 /* Debug */,
				4A89974D2835585700446CE9 /* Release */,
			);
			defaultConfigurationIsVisible = 0;
			defaultConfigurationName = Release;
		};
/* End XCConfigurationList section */
	};
	rootObject = 4A89972F2835585400446CE9 /* Project object */;
}
